Microsoft Visual Studio Solution File, Format Version 12.00
# Visual Studio Version 17
VisualStudioVersion = 17.5.2.0
MinimumVisualStudioVersion = 10.0.40219.1
Project("{FAE04EC0-301F-11D3-BF4B-00C04F79EFBC}") = "muhaberat-evrak-yonetim", "muhaberat-evrak-yonetim.csproj", "{063AF982-DF6F-77E7-A353-A63327C830E5}"
EndProject
Global
	GlobalSection(SolutionConfigurationPlatforms) = preSolution
		Debug|Any CPU = Debug|Any CPU
		Release|Any CPU = Release|Any CPU
	EndGlobalSection
	GlobalSection(ProjectConfigurationPlatforms) = postSolution
		{063AF982-DF6F-77E7-A353-A63327C830E5}.Debug|Any CPU.ActiveCfg = Debug|Any CPU
		{063AF982-DF6F-77E7-A353-A63327C830E5}.Debug|Any CPU.Build.0 = Debug|Any CPU
		{063AF982-DF6F-77E7-A353-A63327C830E5}.Release|Any CPU.ActiveCfg = Release|Any CPU
		{063AF982-DF6F-77E7-A353-A63327C830E5}.Release|Any CPU.Build.0 = Release|Any CPU
	EndGlobalSection
	GlobalSection(SolutionProperties) = preSolution
		HideSolutionNode = FALSE
	EndGlobalSection
	GlobalSection(ExtensibilityGlobals) = postSolution
		SolutionGuid = {860D8398-5150-49F0-B1C6-CAF1BC6B2DD8}
	EndGlobalSection
EndGlobal
